// !$*UTF8*$!
{
	archiveVersion = 1;
	classes = {
	};
	objectVersion = 46;
	objects = {

/* Begin PBXBuildFile section */
		9473E0871D6251BF007A284C /* AppDelegate.swift in Sources */ = {isa = PBXBuildFile; fileRef = 9473E0861D6251BF007A284C /* AppDelegate.swift */; };
		9473E0891D6251BF007A284C /* ViewController.swift in Sources */ = {isa = PBXBuildFile; fileRef = 9473E0881D6251BF007A284C /* ViewController.swift */; };
		9473E08C1D6251BF007A284C /* Main.storyboard in Resources */ = {isa = PBXBuildFile; fileRef = 9473E08A1D6251BF007A284C /* Main.storyboard */; };
		9473E08E1D6251BF007A284C /* Assets.xcassets in Resources */ = {isa = PBXBuildFile; fileRef = 9473E08D1D6251BF007A284C /* Assets.xcassets */; };
		9473E0911D6251BF007A284C /* LaunchScreen.storyboard in Resources */ = {isa = PBXBuildFile; fileRef = 9473E08F1D6251BF007A284C /* LaunchScreen.storyboard */; };
/* End PBXBuildFile section */

/* Begin PBXFileReference section */
		9473E0831D6251BF007A284C /* Am I Prime.app */ = {isa = PBXFileReference; explicitFileType = wrapper.application; includeInIndex = 0; path = "Am I Prime.app"; sourceTree = BUILT_PRODUCTS_DIR; };
		9473E0861D6251BF007A284C /* AppDelegate.swift */ = {isa = PBXFileReference; lastKnownFileType = sourcecode.swift; path = AppDelegate.swift; sourceTree = "<group>"; };
		9473E0881D6251BF007A284C /* ViewController.swift */ = {isa = PBXFileReference; lastKnownFileType = sourcecode.swift; path = ViewController.swift; sourceTree = "<group>"; };
		9473E08B1D6251BF007A284C /* Base */ = {isa = PBXFileReference; lastKnownFileType = file.storyboard; name = Base; path = Base.lproj/Main.storyboard; sourceTree = "<group>"; };
		9473E08D1D6251BF007A284C /* Assets.xcassets */ = {isa = PBXFileReference; lastKnownFileType = folder.assetcatalog; path = Assets.xcassets; sourceTree = "<group>"; };
		9473E0901D6251BF007A284C /* Base */ = {isa = PBXFileReference; lastKnownFileType = file.storyboard; name = Base; path = Base.lproj/LaunchScreen.storyboard; sourceTree = "<group>"; };
		9473E0921D6251C0007A284C /* Info.plist */ = {isa = PBXFileReference; lastKnownFileType = text.plist.xml; path = Info.plist; sourceTree = "<group>"; };
/* End PBXFileReference section */

/* Begin PBXFrameworksBuildPhase section */
		9473E0801D6251BF007A284C /* Frameworks */ = {
			isa = PBXFrameworksBuildPhase;
			buildActionMask = 2147483647;
			files = (
			);
			runOnlyForDeploymentPostprocessing = 0;
		};
/* End PBXFrameworksBuildPhase section */

/* Begin PBXGroup section */
		9473E07A1D6251BF007A284C = {
			isa = PBXGroup;
			children = (
				9473E0851D6251BF007A284C /* Am I Prime */,
				9473E0841D6251BF007A284C /* Products */,
			);
			sourceTree = "<group>";
		};
		9473E0841D6251BF007A284C /* Products */ = {
			isa = PBXGroup;
			children = (
				9473E0831D6251BF007A284C /* Am I Prime.app */,
			);
			name = Products;
			sourceTree = "<group>";
		};
		9473E0851D6251BF007A284C /* Am I Prime */ = {
			isa = PBXGroup;
			children = (
				9473E0861D6251BF007A284C /* AppDelegate.swift */,
				9473E0881D6251BF007A284C /* ViewController.swift */,
				9473E08A1D6251BF007A284C /* Main.storyboard */,
				9473E08D1D6251BF007A284C /* Assets.xcassets */,
				9473E08F1D6251BF007A284C /* LaunchScreen.storyboard */,
				9473E0921D6251C0007A284C /* Info.plist */,
			);
			path = "Am I Prime";
			sourceTree = "<group>";
		};
/* End PBXGroup section */

/* Begin PBXNativeTarget section */
		9473E0821D6251BF007A284C /* Am I Prime */ = {
			isa = PBXNativeTarget;
			buildConfigurationList = 9473E0951D6251C0007A284C /* Build configuration list for PBXNativeTarget "Am I Prime" */;
			buildPhases = (
				9473E07F1D6251BF007A284C /* Sources */,
				9473E0801D6251BF007A284C /* Frameworks */,
				9473E0811D6251BF007A284C /* Resources */,
			);
			buildRules = (
			);
			dependencies = (
			);
			name = "Am I Prime";
			productName = "Am I Prime";
			productReference = 9473E0831D6251BF007A284C /* Am I Prime.app */;
			productType = "com.apple.product-type.application";
		};
/* End PBXNativeTarget section */

/* Begin PBXProject section */
		9473E07B1D6251BF007A284C /* Project object */ = {
			isa = PBXProject;
			attributes = {
				LastSwiftUpdateCheck = 0800;
				LastUpgradeCheck = 0800;
				ORGANIZATIONNAME = INSIX;
				TargetAttributes = {
					9473E0821D6251BF007A284C = {
						CreatedOnToolsVersion = 8.0;
						DevelopmentTeam = 427GM9MS64;
						ProvisioningStyle = Automatic;
					};
				};
			};
			buildConfigurationList = 9473E07E1D6251BF007A284C /* Build configuration list for PBXProject "Am I Prime" */;
			compatibilityVersion = "Xcode 3.2";
			developmentRegion = English;
			hasScannedForEncodings = 0;
			knownRegions = (
				en,
				Base,
			);
			mainGroup = 9473E07A1D6251BF007A284C;
			productRefGroup = 9473E0841D6251BF007A284C /* Products */;
			projectDirPath = "";
			projectRoot = "";
			targets = (
				9473E0821D6251BF007A284C /* Am I Prime */,
			);
		};
/* End PBXProject section */

/* Begin PBXResourcesBuildPhase section */
		9473E0811D6251BF007A284C /* Resources */ = {
			isa = PBXResourcesBuildPhase;
			buildActionMask = 2147483647;
			files = (
				9473E0911D6251BF007A284C /* LaunchScreen.storyboard in Resources */,
				9473E08E1D6251BF007A284C /* Assets.xcassets in Resources */,
				9473E08C1D6251BF007A284C /* Main.storyboard in Resources */,
			);
			runOnlyForDeploymentPostprocessing = 0;
		};
/* End PBXResourcesBuildPhase section */

/* Begin PBXSourcesBuildPhase section */
		9473E07F1D6251BF007A284C /* Sources */ = {
			isa = PBXSourcesBuildPhase;
			buildActionMask = 2147483647;
			files = (
				9473E0891D6251BF007A284C /* ViewController.swift in Sources */,
				9473E0871D6251BF007A284C /* AppDelegate.swift in Sources */,
			);
			runOnlyForDeploymentPostprocessing = 0;
		};
/* End PBXSourcesBuildPhase section */

/* Begin PBXVariantGroup section */
		9473E08A1D6251BF007A284C /* Main.storyboard */ = {
			isa = PBXVariantGroup;
			children = (
				9473E08B1D6251BF007A284C /* Base */,
			);
			name = Main.storyboard;
			sourceTree = "<group>";
		};
		9473E08F1D6251BF007A284C /* LaunchScreen.storyboard */ = {
			isa = PBXVariantGroup;
			children = (
				9473E0901D6251BF007A284C /* Base */,
			);
			name = LaunchScreen.storyboard;
			sourceTree = "<group>";
		};
/* End PBXVariantGroup section */

/* Begin XCBuildConfiguration section */
		9473E0931D6251C0007A284C /* Debug */ = {
			isa = XCBuildConfiguration;
			buildSettings = {
				ALWAYS_SEARCH_USER_PATHS = NO;
				CLANG_ANALYZER_NONNULL = YES;
				CLANG_CXX_LANGUAGE_STANDARD = "gnu++0x";
				CLANG_CXX_LIBRARY = "libc++";
				CLANG_ENABLE_MODULES = YES;
				CLANG_ENABLE_OBJC_ARC = YES;
				CLANG_WARN_BOOL_CONVERSION = YES;
				CLANG_WARN_CONSTANT_CONVERSION = YES;
				CLANG_WARN_DIRECT_OBJC_ISA_USAGE = YES_ERROR;
				CLANG_WARN_DOCUMENTATION_COMMENTS = YES;
				CLANG_WARN_EMPTY_BODY = YES;
				CLANG_WARN_ENUM_CONVERSION = YES;
				CLANG_WARN_INFINITE_RECURSION = YES;
				CLANG_WARN_INT_CONVERSION = YES;
				CLANG_WARN_OBJC_ROOT_CLASS = YES_ERROR;
				CLANG_WARN_SUSPICIOUS_MOVES = YES;
				CLANG_WARN_UNREACHABLE_CODE = YES;
				CLANG_WARN__DUPLICATE_METHOD_MATCH = YES;
				"CODE_SIGN_IDENTITY[sdk=iphoneos*]" = "iPhone Developer";
				COPY_PHASE_STRIP = NO;
				DEBUG_INFORMATION_FORMAT = dwarf;
				ENABLE_STRICT_OBJC_MSGSEND = YES;
				ENABLE_TESTABILITY = YES;
				GCC_C_LANGUAGE_STANDARD = gnu99;
				GCC_DYNAMIC_NO_PIC = NO;
				GCC_NO_COMMON_BLOCKS = YES;
				GCC_OPTIMIZATION_LEVEL = 0;
				GCC_PREPROCESSOR_DEFINITIONS = (
					"DEBUG=1",
					"$(inherited)",
				);
				GCC_WARN_64_TO_32_BIT_CONVERSION = YES;
				GCC_WARN_ABOUT_RETURN_TYPE = YES_ERROR;
				GCC_WARN_UNDECLARED_SELECTOR = YES;
				GCC_WARN_UNINITIALIZED_AUTOS = YES_AGGRESSIVE;
				GCC_WARN_UNUSED_FUNCTION = YES;
				GCC_WARN_UNUSED_VARIABLE = YES;
				IPHONEOS_DEPLOYMENT_TARGET = 10.0;
				MTL_ENABLE_DEBUG_INFO = YES;
				ONLY_ACTIVE_ARCH = YES;
				SDKROOT = iphoneos;
				SWIFT_ACTIVE_COMPILATION_CONDITIONS = DEBUG;
				SWIFT_OPTIMIZATION_LEVEL = "-Onone";
				TARGETED_DEVICE_FAMILY = "1,2";
			};
			name = Debug;
		};
		9473E0941D6251C0007A284C /* Release */ = {
			isa = XCBuildConfiguration;
			buildSettings = {
				ALWAYS_SEARCH_USER_PATHS = NO;
				CLANG_ANALYZER_NONNULL = YES;
				CLANG_CXX_LANGUAGE_STANDARD = "gnu++0x";
				CLANG_CXX_LIBRARY = "libc++";
				CLANG_ENABLE_MODULES = YES;
				CLANG_ENABLE_OBJC_ARC = YES;
				CLANG_WARN_BOOL_CONVERSION = YES;
				CLANG_WARN_CONSTANT_CONVERSION = YES;
				CLANG_WARN_DIRECT_OBJC_ISA_USAGE = YES_ERROR;
				CLANG_WARN_DOCUMENTATION_COMMENTS = YES;
				CLANG_WARN_EMPTY_BODY = YES;
				CLANG_WARN_ENUM_CONVERSION = YES;
				CLANG_WARN_INFINITE_RECURSION = YES;
				CLANG_WARN_INT_CONVERSION = YES;
				CLANG_WARN_OBJC_ROOT_CLASS = YES_ERROR;
				CLANG_WARN_SUSPICIOUS_MOVES = YES;
				CLANG_WARN_UNREACHABLE_CODE = YES;
				CLANG_WARN__DUPLICATE_METHOD_MATCH = YES;
				"CODE_SIGN_IDENTITY[sdk=iphoneos*]" = "iPhone Developer";
				COPY_PHASE_STRIP = NO;
				DEBUG_INFORMATION_FORMAT = "dwarf-with-dsym";
				ENABLE_NS_ASSERTIONS = NO;
				ENABLE_STRICT_OBJC_MSGSEND = YES;
				GCC_C_LANGUAGE_STANDARD = gnu99;
				GCC_NO_COMMON_BLOCKS = YES;
				GCC_WARN_64_TO_32_BIT_CONVERSION = YES;
				GCC_WARN_ABOUT_RETURN_TYPE = YES_ERROR;
				GCC_WARN_UNDECLARED_SELECTOR = YES;
				GCC_WARN_UNINITIALIZED_AUTOS = YES_AGGRESSIVE;
				GCC_WARN_UNUSED_FUNCTION = YES;
				GCC_WARN_UNUSED_VARIABLE = YES;
				IPHONEOS_DEPLOYMENT_TARGET = 10.0;
				MTL_ENABLE_DEBUG_INFO = NO;
				SDKROOT = iphoneos;
				SWIFT_OPTIMIZATION_LEVEL = "-Owholemodule";
				TARGETED_DEVICE_FAMILY = "1,2";
				VALIDATE_PRODUCT = YES;
			};
			name = Release;
		};
		9473E0961D6251C0007A284C /* Debug */ = {
			isa = XCBuildConfiguration;
			buildSettings = {
				ASSETCATALOG_COMPILER_APPICON_NAME = AppIcon;
				DEVELOPMENT_TEAM = 427GM9MS64;
				INFOPLIST_FILE = "Am I Prime/Info.plist";
				LD_RUNPATH_SEARCH_PATHS = "$(inherited) @executable_path/Frameworks";
				PRODUCT_BUNDLE_IDENTIFIER = "com.insix.Am-I-Prime";
				PRODUCT_NAME = "$(TARGET_NAME)";
				SWIFT_VERSION = 3.0;
			};
			name = Debug;
		};
		9473E0971D6251C0007A284C /* Release */ = {
			isa = XCBuildConfiguration;
			buildSettings = {
				ASSETCATALOG_COMPILER_APPICON_NAME = AppIcon;
				DEVELOPMENT_TEAM = 427GM9MS64;
				INFOPLIST_FILE = "Am I Prime/Info.plist";
				LD_RUNPATH_SEARCH_PATHS = "$(inherited) @executable_path/Frameworks";
				PRODUCT_BUNDLE_IDENTIFIER = "com.insix.Am-I-Prime";
				PRODUCT_NAME = "$(TARGET_NAME)";
				SWIFT_VERSION = 3.0;
			};
			name = Release;
		};
/* End XCBuildConfiguration section */

/* Begin XCConfigurationList section */
		9473E07E1D6251BF007A284C /* Build configuration list for PBXProject "Am I Prime" */ = {
			isa = XCConfigurationList;
			buildConfigurations = (
				9473E0931D6251C0007A284C /* Debug */,
				9473E0941D6251C0007A284C /* Release */,
			);
			defaultConfigurationIsVisible = 0;
			defaultConfigurationName = Release;
		};
		9473E0951D6251C0007A284C /* Build configuration list for PBXNativeTarget "Am I Prime" */ = {
			isa = XCConfigurationList;
			buildConfigurations = (
				9473E0961D6251C0007A284C /* Debug */,
				9473E0971D6251C0007A284C /* Release */,
			);
			defaultConfigurationIsVisible = 0;
		};
/* End XCConfigurationList section */
	};
	rootObject = 9473E07B1D6251BF007A284C /* Project object */;
}
